# This file was autogenerated by Stack.
# You should not edit this file by hand.
# For more information, please see the documentation at:
#   https://docs.haskellstack.org/en/stable/lock_files

packages:
- completed:
    hackage: Chart-cairo-1.9.3@sha256:f484a7194ca08ed67f02aa626e2f8f4d1a9b50624e0d50e3ced62958f7481cca,925
    pantry-tree:
      size: 238
      sha256: 585b99e27718747d3c9a46bf46625774a06d102f77bf9fe8384d278914068ec7
  original:
    hackage: Chart-cairo-1.9.3
- completed:
    hackage: cairo-0.13.8.0@sha256:9b64a376ebaa4f153bba5866a32291fd4bed48147009cce9158ce6533928eba8,4075
    pantry-tree:
      size: 2830
      sha256: 07aeb4b5eaa1d8201f67f4b8011aaf182ceb4e558066e59d482485fc02895994
  original:
    hackage: cairo-0.13.8.0@sha256:9b64a376ebaa4f153bba5866a32291fd4bed48147009cce9158ce6533928eba8,4075
- completed:
    hackage: gtk2hs-buildtools-0.13.8.0@sha256:132f38155fc677430a47ea750918973161c876fb6f281d342ac2f07eb99229ce,5238
    pantry-tree:
      size: 3588
      sha256: 4552e3c0f2ef0f16285c38898d7e2b6aeea67d4e37cd203b0c82f70592096c45
  original:
    hackage: gtk2hs-buildtools-0.13.8.0@sha256:132f38155fc677430a47ea750918973161c876fb6f281d342ac2f07eb99229ce,5238
snapshots:
- completed:
    size: 524163
    url: https://raw.githubusercontent.com/commercialhaskell/stackage-snapshots/master/lts/14/25.yaml
    sha256: 97548b4e927a8a862d4a203687ca18a3f5d2ae75b4b72c946fb29c17df1a5082
  original: lts-14.25
